// !$*UTF8*$!
{
	archiveVersion = 1;
	classes = {
	};
	objectVersion = 50;
	objects = {

/* Begin PBXBuildFile section */
		EFB39FEF22BC6C1100C28FBA /* AppDelegate.swift in Sources */ = {isa = PBXBuildFile; fileRef = EFB39FEE22BC6C1100C28FBA /* AppDelegate.swift */; };
		EFB39FF122BC6C1100C28FBA /* ViewController.swift in Sources */ = {isa = PBXBuildFile; fileRef = EFB39FF022BC6C1100C28FBA /* ViewController.swift */; };
		EFB39FF422BC6C1100C28FBA /* Main.storyboard in Resources */ = {isa = PBXBuildFile; fileRef = EFB39FF222BC6C1100C28FBA /* Main.storyboard */; };
		EFB39FF622BC6C1300C28FBA /* Assets.xcassets in Resources */ = {isa = PBXBuildFile; fileRef = EFB39FF522BC6C1300C28FBA /* Assets.xcassets */; };
		EFB39FF922BC6C1300C28FBA /* LaunchScreen.storyboard in Resources */ = {isa = PBXBuildFile; fileRef = EFB39FF722BC6C1300C28FBA /* LaunchScreen.storyboard */; };
		EFB3A00122BC6DCF00C28FBA /* ColorWheel.swift in Sources */ = {isa = PBXBuildFile; fileRef = EFB3A00022BC6DCF00C28FBA /* ColorWheel.swift */; };
		EFB3A00322BC6F0900C28FBA /* Color.swift in Sources */ = {isa = PBXBuildFile; fileRef = EFB3A00222BC6F0900C28FBA /* Color.swift */; };
/* End PBXBuildFile section */

/* Begin PBXFileReference section */
		EFB39FEB22BC6C1100C28FBA /* ColorWheel.app */ = {isa = PBXFileReference; explicitFileType = wrapper.application; includeInIndex = 0; path = ColorWheel.app; sourceTree = BUILT_PRODUCTS_DIR; };
		EFB39FEE22BC6C1100C28FBA /* AppDelegate.swift */ = {isa = PBXFileReference; lastKnownFileType = sourcecode.swift; path = AppDelegate.swift; sourceTree = "<group>"; };
		EFB39FF022BC6C1100C28FBA /* ViewController.swift */ = {isa = PBXFileReference; lastKnownFileType = sourcecode.swift; path = ViewController.swift; sourceTree = "<group>"; };
		EFB39FF322BC6C1100C28FBA /* Base */ = {isa = PBXFileReference; lastKnownFileType = file.storyboard; name = Base; path = Base.lproj/Main.storyboard; sourceTree = "<group>"; };
		EFB39FF522BC6C1300C28FBA /* Assets.xcassets */ = {isa = PBXFileReference; lastKnownFileType = folder.assetcatalog; path = Assets.xcassets; sourceTree = "<group>"; };
		EFB39FF822BC6C1300C28FBA /* Base */ = {isa = PBXFileReference; lastKnownFileType = file.storyboard; name = Base; path = Base.lproj/LaunchScreen.storyboard; sourceTree = "<group>"; };
		EFB39FFA22BC6C1300C28FBA /* Info.plist */ = {isa = PBXFileReference; lastKnownFileType = text.plist.xml; path = Info.plist; sourceTree = "<group>"; };
		EFB3A00022BC6DCF00C28FBA /* ColorWheel.swift */ = {isa = PBXFileReference; lastKnownFileType = sourcecode.swift; path = ColorWheel.swift; sourceTree = "<group>"; };
		EFB3A00222BC6F0900C28FBA /* Color.swift */ = {isa = PBXFileReference; lastKnownFileType = sourcecode.swift; path = Color.swift; sourceTree = "<group>"; };
/* End PBXFileReference section */

/* Begin PBXFrameworksBuildPhase section */
		EFB39FE822BC6C1100C28FBA /* Frameworks */ = {
			isa = PBXFrameworksBuildPhase;
			buildActionMask = 2147483647;
			files = (
			);
			runOnlyForDeploymentPostprocessing = 0;
		};
/* End PBXFrameworksBuildPhase section */

/* Begin PBXGroup section */
		EFB39FE222BC6C1100C28FBA = {
			isa = PBXGroup;
			children = (
				EFB39FED22BC6C1100C28FBA /* ColorWheel */,
				EFB39FEC22BC6C1100C28FBA /* Products */,
			);
			sourceTree = "<group>";
		};
		EFB39FEC22BC6C1100C28FBA /* Products */ = {
			isa = PBXGroup;
			children = (
				EFB39FEB22BC6C1100C28FBA /* ColorWheel.app */,
			);
			name = Products;
			sourceTree = "<group>";
		};
		EFB39FED22BC6C1100C28FBA /* ColorWheel */ = {
			isa = PBXGroup;
			children = (
				EFB39FEE22BC6C1100C28FBA /* AppDelegate.swift */,
				EFB39FF022BC6C1100C28FBA /* ViewController.swift */,
				EFB39FF222BC6C1100C28FBA /* Main.storyboard */,
				EFB39FF522BC6C1300C28FBA /* Assets.xcassets */,
				EFB39FF722BC6C1300C28FBA /* LaunchScreen.storyboard */,
				EFB39FFA22BC6C1300C28FBA /* Info.plist */,
				EFB3A00022BC6DCF00C28FBA /* ColorWheel.swift */,
				EFB3A00222BC6F0900C28FBA /* Color.swift */,
			);
			path = ColorWheel;
			sourceTree = "<group>";
		};
/* End PBXGroup section */

/* Begin PBXNativeTarget section */
		EFB39FEA22BC6C1100C28FBA /* ColorWheel */ = {
			isa = PBXNativeTarget;
			buildConfigurationList = EFB39FFD22BC6C1300C28FBA /* Build configuration list for PBXNativeTarget "ColorWheel" */;
			buildPhases = (
				EFB39FE722BC6C1100C28FBA /* Sources */,
				EFB39FE822BC6C1100C28FBA /* Frameworks */,
				EFB39FE922BC6C1100C28FBA /* Resources */,
			);
			buildRules = (
			);
			dependencies = (
			);
			name = ColorWheel;
			productName = ColorWheel;
			productReference = EFB39FEB22BC6C1100C28FBA /* ColorWheel.app */;
			productType = "com.apple.product-type.application";
		};
/* End PBXNativeTarget section */

/* Begin PBXProject section */
		EFB39FE322BC6C1100C28FBA /* Project object */ = {
			isa = PBXProject;
			attributes = {
				LastSwiftUpdateCheck = 1020;
				LastUpgradeCheck = 1020;
				ORGANIZATIONNAME = "Corey Sessions";
				TargetAttributes = {
					EFB39FEA22BC6C1100C28FBA = {
						CreatedOnToolsVersion = 10.2.1;
					};
				};
			};
			buildConfigurationList = EFB39FE622BC6C1100C28FBA /* Build configuration list for PBXProject "ColorWheel" */;
			compatibilityVersion = "Xcode 9.3";
			developmentRegion = en;
			hasScannedForEncodings = 0;
			knownRegions = (
				en,
				Base,
			);
			mainGroup = EFB39FE222BC6C1100C28FBA;
			productRefGroup = EFB39FEC22BC6C1100C28FBA /* Products */;
			projectDirPath = "";
			projectRoot = "";
			targets = (
				EFB39FEA22BC6C1100C28FBA /* ColorWheel */,
			);
		};
/* End PBXProject section */

/* Begin PBXResourcesBuildPhase section */
		EFB39FE922BC6C1100C28FBA /* Resources */ = {
			isa = PBXResourcesBuildPhase;
			buildActionMask = 2147483647;
			files = (
				EFB39FF922BC6C1300C28FBA /* LaunchScreen.storyboard in Resources */,
				EFB39FF622BC6C1300C28FBA /* Assets.xcassets in Resources */,
				EFB39FF422BC6C1100C28FBA /* Main.storyboard in Resources */,
			);
			runOnlyForDeploymentPostprocessing = 0;
		};
/* End PBXResourcesBuildPhase section */

/* Begin PBXSourcesBuildPhase section */
		EFB39FE722BC6C1100C28FBA /* Sources */ = {
			isa = PBXSourcesBuildPhase;
			buildActionMask = 2147483647;
			files = (
				EFB39FF122BC6C1100C28FBA /* ViewController.swift in Sources */,
				EFB3A00322BC6F0900C28FBA /* Color.swift in Sources */,
				EFB39FEF22BC6C1100C28FBA /* AppDelegate.swift in Sources */,
				EFB3A00122BC6DCF00C28FBA /* ColorWheel.swift in Sources */,
			);
			runOnlyForDeploymentPostprocessing = 0;
		};
/* End PBXSourcesBuildPhase section */

/* Begin PBXVariantGroup section */
		EFB39FF222BC6C1100C28FBA /* Main.storyboard */ = {
			isa = PBXVariantGroup;
			children = (
				EFB39FF322BC6C1100C28FBA /* Base */,
			);
			name = Main.storyboard;
			sourceTree = "<group>";
		};
		EFB39FF722BC6C1300C28FBA /* LaunchScreen.storyboard */ = {
			isa = PBXVariantGroup;
			children = (
				EFB39FF822BC6C1300C28FBA /* Base */,
			);
			name = LaunchScreen.storyboard;
			sourceTree = "<group>";
		};
/* End PBXVariantGroup section */

/* Begin XCBuildConfiguration section */
		EFB39FFB22BC6C1300C28FBA /* Debug */ = {
			isa = XCBuildConfiguration;
			buildSettings = {
				ALWAYS_SEARCH_USER_PATHS = NO;
				CLANG_ANALYZER_NONNULL = YES;
				CLANG_ANALYZER_NUMBER_OBJECT_CONVERSION = YES_AGGRESSIVE;
				CLANG_CXX_LANGUAGE_STANDARD = "gnu++14";
				CLANG_CXX_LIBRARY = "libc++";
				CLANG_ENABLE_MODULES = YES;
				CLANG_ENABLE_OBJC_ARC = YES;
				CLANG_ENABLE_OBJC_WEAK = YES;
				CLANG_WARN_BLOCK_CAPTURE_AUTORELEASING = YES;
				CLANG_WARN_BOOL_CONVERSION = YES;
				CLANG_WARN_COMMA = YES;
				CLANG_WARN_CONSTANT_CONVERSION = YES;
				CLANG_WARN_DEPRECATED_OBJC_IMPLEMENTATIONS = YES;
				CLANG_WARN_DIRECT_OBJC_ISA_USAGE = YES_ERROR;
				CLANG_WARN_DOCUMENTATION_COMMENTS = YES;
				CLANG_WARN_EMPTY_BODY = YES;
				CLANG_WARN_ENUM_CONVERSION = YES;
				CLANG_WARN_INFINITE_RECURSION = YES;
				CLANG_WARN_INT_CONVERSION = YES;
				CLANG_WARN_NON_LITERAL_NULL_CONVERSION = YES;
				CLANG_WARN_OBJC_IMPLICIT_RETAIN_SELF = YES;
				CLANG_WARN_OBJC_LITERAL_CONVERSION = YES;
				CLANG_WARN_OBJC_ROOT_CLASS = YES_ERROR;
				CLANG_WARN_RANGE_LOOP_ANALYSIS = YES;
				CLANG_WARN_STRICT_PROTOTYPES = YES;
				CLANG_WARN_SUSPICIOUS_MOVE = YES;
				CLANG_WARN_UNGUARDED_AVAILABILITY = YES_AGGRESSIVE;
				CLANG_WARN_UNREACHABLE_CODE = YES;
				CLANG_WARN__DUPLICATE_METHOD_MATCH = YES;
				CODE_SIGN_IDENTITY = "iPhone Developer";
				COPY_PHASE_STRIP = NO;
				DEBUG_INFORMATION_FORMAT = dwarf;
				ENABLE_STRICT_OBJC_MSGSEND = YES;
				ENABLE_TESTABILITY = YES;
				GCC_C_LANGUAGE_STANDARD = gnu11;
				GCC_DYNAMIC_NO_PIC = NO;
				GCC_NO_COMMON_BLOCKS = YES;
				GCC_OPTIMIZATION_LEVEL = 0;
				GCC_PREPROCESSOR_DEFINITIONS = (
					"DEBUG=1",
					"$(inherited)",
				);
				GCC_WARN_64_TO_32_BIT_CONVERSION = YES;
				GCC_WARN_ABOUT_RETURN_TYPE = YES_ERROR;
				GCC_WARN_UNDECLARED_SELECTOR = YES;
				GCC_WARN_UNINITIALIZED_AUTOS = YES_AGGRESSIVE;
				GCC_WARN_UNUSED_FUNCTION = YES;
				GCC_WARN_UNUSED_VARIABLE = YES;
				IPHONEOS_DEPLOYMENT_TARGET = 12.2;
				MTL_ENABLE_DEBUG_INFO = INCLUDE_SOURCE;
				MTL_FAST_MATH = YES;
				ONLY_ACTIVE_ARCH = YES;
				SDKROOT = iphoneos;
				SWIFT_ACTIVE_COMPILATION_CONDITIONS = DEBUG;
				SWIFT_OPTIMIZATION_LEVEL = "-Onone";
			};
			name = Debug;
		};
		EFB39FFC22BC6C1300C28FBA /* Release */ = {
			isa = XCBuildConfiguration;
			buildSettings = {
				ALWAYS_SEARCH_USER_PATHS = NO;
				CLANG_ANALYZER_NONNULL = YES;
				CLANG_ANALYZER_NUMBER_OBJECT_CONVERSION = YES_AGGRESSIVE;
				CLANG_CXX_LANGUAGE_STANDARD = "gnu++14";
				CLANG_CXX_LIBRARY = "libc++";
				CLANG_ENABLE_MODULES = YES;
				CLANG_ENABLE_OBJC_ARC = YES;
				CLANG_ENABLE_OBJC_WEAK = YES;
				CLANG_WARN_BLOCK_CAPTURE_AUTORELEASING = YES;
				CLANG_WARN_BOOL_CONVERSION = YES;
				CLANG_WARN_COMMA = YES;
				CLANG_WARN_CONSTANT_CONVERSION = YES;
				CLANG_WARN_DEPRECATED_OBJC_IMPLEMENTATIONS = YES;
				CLANG_WARN_DIRECT_OBJC_ISA_USAGE = YES_ERROR;
				CLANG_WARN_DOCUMENTATION_COMMENTS = YES;
				CLANG_WARN_EMPTY_BODY = YES;
				CLANG_WARN_ENUM_CONVERSION = YES;
				CLANG_WARN_INFINITE_RECURSION = YES;
				CLANG_WARN_INT_CONVERSION = YES;
				CLANG_WARN_NON_LITERAL_NULL_CONVERSION = YES;
				CLANG_WARN_OBJC_IMPLICIT_RETAIN_SELF = YES;
				CLANG_WARN_OBJC_LITERAL_CONVERSION = YES;
				CLANG_WARN_OBJC_ROOT_CLASS = YES_ERROR;
				CLANG_WARN_RANGE_LOOP_ANALYSIS = YES;
				CLANG_WARN_STRICT_PROTOTYPES = YES;
				CLANG_WARN_SUSPICIOUS_MOVE = YES;
				CLANG_WARN_UNGUARDED_AVAILABILITY = YES_AGGRESSIVE;
				CLANG_WARN_UNREACHABLE_CODE = YES;
				CLANG_WARN__DUPLICATE_METHOD_MATCH = YES;
				CODE_SIGN_IDENTITY = "iPhone Developer";
				COPY_PHASE_STRIP = NO;
				DEBUG_INFORMATION_FORMAT = "dwarf-with-dsym";
				ENABLE_NS_ASSERTIONS = NO;
				ENABLE_STRICT_OBJC_MSGSEND = YES;
				GCC_C_LANGUAGE_STANDARD = gnu11;
				GCC_NO_COMMON_BLOCKS = YES;
				GCC_WARN_64_TO_32_BIT_CONVERSION = YES;
				GCC_WARN_ABOUT_RETURN_TYPE = YES_ERROR;
				GCC_WARN_UNDECLARED_SELECTOR = YES;
				GCC_WARN_UNINITIALIZED_AUTOS = YES_AGGRESSIVE;
				GCC_WARN_UNUSED_FUNCTION = YES;
				GCC_WARN_UNUSED_VARIABLE = YES;
				IPHONEOS_DEPLOYMENT_TARGET = 12.2;
				MTL_ENABLE_DEBUG_INFO = NO;
				MTL_FAST_MATH = YES;
				SDKROOT = iphoneos;
				SWIFT_COMPILATION_MODE = wholemodule;
				SWIFT_OPTIMIZATION_LEVEL = "-O";
				VALIDATE_PRODUCT = YES;
			};
			name = Release;
		};
		EFB39FFE22BC6C1300C28FBA /* Debug */ = {
			isa = XCBuildConfiguration;
			buildSettings = {
				ASSETCATALOG_COMPILER_APPICON_NAME = AppIcon;
				CODE_SIGN_STYLE = Automatic;
				DEVELOPMENT_TEAM = SBB8C9E36E;
				INFOPLIST_FILE = ColorWheel/Info.plist;
				LD_RUNPATH_SEARCH_PATHS = (
					"$(inherited)",
					"@executable_path/Frameworks",
				);
				PRODUCT_BUNDLE_IDENTIFIER = com.coreysessions..ColorWheel;
				PRODUCT_NAME = "$(TARGET_NAME)";
				SWIFT_VERSION = 5.0;
				TARGETED_DEVICE_FAMILY = "1,2";
			};
			name = Debug;
		};
		EFB39FFF22BC6C1300C28FBA /* Release */ = {
			isa = XCBuildConfiguration;
			buildSettings = {
				ASSETCATALOG_COMPILER_APPICON_NAME = AppIcon;
				CODE_SIGN_STYLE = Automatic;
				DEVELOPMENT_TEAM = SBB8C9E36E;
				INFOPLIST_FILE = ColorWheel/Info.plist;
				LD_RUNPATH_SEARCH_PATHS = (
					"$(inherited)",
					"@executable_path/Frameworks",
				);
				PRODUCT_BUNDLE_IDENTIFIER = com.coreysessions..ColorWheel;
				PRODUCT_NAME = "$(TARGET_NAME)";
				SWIFT_VERSION = 5.0;
				TARGETED_DEVICE_FAMILY = "1,2";
			};
			name = Release;
		};
/* End XCBuildConfiguration section */

/* Begin XCConfigurationList section */
		EFB39FE622BC6C1100C28FBA /* Build configuration list for PBXProject "ColorWheel" */ = {
			isa = XCConfigurationList;
			buildConfigurations = (
				EFB39FFB22BC6C1300C28FBA /* Debug */,
				EFB39FFC22BC6C1300C28FBA /* Release */,
			);
			defaultConfigurationIsVisible = 0;
			defaultConfigurationName = Release;
		};
		EFB39FFD22BC6C1300C28FBA /* Build configuration list for PBXNativeTarget "ColorWheel" */ = {
			isa = XCConfigurationList;
			buildConfigurations = (
				EFB39FFE22BC6C1300C28FBA /* Debug */,
				EFB39FFF22BC6C1300C28FBA /* Release */,
			);
			defaultConfigurationIsVisible = 0;
			defaultConfigurationName = Release;
		};
/* End XCConfigurationList section */
	};
	rootObject = EFB39FE322BC6C1100C28FBA /* Project object */;
}
